
Microsoft Visual Studio Solution File, Format Version 12.00
# Visual Studio Version 17
VisualStudioVersion = 17.6.33815.320
MinimumVisualStudioVersion = 10.0.40219.1
Project("{9A19103F-16F7-4668-BE54-9A1E7A4F7556}") = "SpiritualHub.Client", "SpiritualHub.Client\SpiritualHub.Client.csproj", "{FBEC99D8-3C7D-4031-9880-67F9A2549554}"
EndProject
Project("{9A19103F-16F7-4668-BE54-9A1E7A4F7556}") = "SpiritualHub.Services", "SpiritualHub.Services\SpiritualHub.Services.csproj", "{964B2073-1D38-4DAA-A7F1-77B7D7F30B4A}"
EndProject
Project("{9A19103F-16F7-4668-BE54-9A1E7A4F7556}") = "SpiritualHub.Data", "SpiritualHub.Data\SpiritualHub.Data.csproj", "{117D2434-39A2-4D0A-81B7-09F96BB73535}"
EndProject
Project("{9A19103F-16F7-4668-BE54-9A1E7A4F7556}") = "SpiritualHub.Tests", "SpiritualHub.Tests\SpiritualHub.Tests.csproj", "{7FF04396-5F55-40B5-91C7-D360066B5D79}"
EndProject
Project("{9A19103F-16F7-4668-BE54-9A1E7A4F7556}") = "SpiritualHub.Client.ViewModels", "SpiritualHub.Client.ViewModels\SpiritualHub.Client.ViewModels.csproj", "{B64A023C-06AD-489C-A750-B749D40788CF}"
EndProject
Project("{9A19103F-16F7-4668-BE54-9A1E7A4F7556}") = "SpiritualHub.Data.Models", "SpiritualHub.Data.Models\SpiritualHub.Data.Models.csproj", "{28A31B9D-5EFB-4630-9078-35A1B88EDF86}"
EndProject
Project("{9A19103F-16F7-4668-BE54-9A1E7A4F7556}") = "SpiritualHub.Common", "SpiritualHub.Common\SpiritualHub.Common.csproj", "{C4CE7067-37EB-4D38-96F4-2EF083813129}"
EndProject
Project("{2150E333-8FDC-42A3-9474-1A3956D46DE8}") = "Data", "Data", "{E4980EB8-381A-4351-BCE0-16BB44F32626}"
EndProject
Project("{2150E333-8FDC-42A3-9474-1A3956D46DE8}") = "Web", "Web", "{60EDC872-8E28-47E5-82CF-67565D8B5076}"
EndProject
Project("{2150E333-8FDC-42A3-9474-1A3956D46DE8}") = "Service", "Service", "{8DD63ABC-3DE7-4084-9CB7-CAFA0F4AAFD1}"
EndProject
Project("{9A19103F-16F7-4668-BE54-9A1E7A4F7556}") = "SpiritualHub.Client.Infrastructure", "SpiritualHub.Client.Infrastructure\SpiritualHub.Client.Infrastructure.csproj", "{D06FE860-6C72-4F97-AB21-E5B84CEA97BD}"
EndProject
Project("{9A19103F-16F7-4668-BE54-9A1E7A4F7556}") = "SpiritualHub.WebAPI", "SpiritualHub.WebAPI\SpiritualHub.WebAPI.csproj", "{A78D7471-7C6E-4842-926E-3D4BEB1C0198}"
EndProject
Project("{9A19103F-16F7-4668-BE54-9A1E7A4F7556}") = "SpiritualHub.Services.Models", "SpiritualHub.Services.Models\SpiritualHub.Services.Models.csproj", "{741AE41B-05F0-46CC-97ED-D26A8B74E5FC}"
EndProject
Project("{9A19103F-16F7-4668-BE54-9A1E7A4F7556}") = "SpiritualHub.WebAPI.Responses", "SpiritualHub.WebAPI.Responses\SpiritualHub.WebAPI.Responses.csproj", "{B43E416E-00F3-4FFF-8400-A6BD8C6D3A11}"
EndProject
Project("{9A19103F-16F7-4668-BE54-9A1E7A4F7556}") = "SpiritualHub.Services.Validation", "SpiritualHub.Services.Validation\SpiritualHub.Services.Validation.csproj", "{F965EF84-759B-4E51-8059-5D2E3AC9C081}"
EndProject
Project("{2150E333-8FDC-42A3-9474-1A3956D46DE8}") = "Tests", "Tests", "{6FAD6401-C25E-46E4-AE3D-BC959A5F24D0}"
EndProject
Project("{FAE04EC0-301F-11D3-BF4B-00C04F79EFBC}") = "SpiritualHub.Tests.Extensions", "SpiritualHub.Tests.Extensions\SpiritualHub.Tests.Extensions.csproj", "{A2A1E911-0967-446E-95BD-819D9E718DFD}"
EndProject
Global
	GlobalSection(SolutionConfigurationPlatforms) = preSolution
		Debug|Any CPU = Debug|Any CPU
		Release|Any CPU = Release|Any CPU
	EndGlobalSection
	GlobalSection(ProjectConfigurationPlatforms) = postSolution
		{FBEC99D8-3C7D-4031-9880-67F9A2549554}.Debug|Any CPU.ActiveCfg = Debug|Any CPU
		{FBEC99D8-3C7D-4031-9880-67F9A2549554}.Debug|Any CPU.Build.0 = Debug|Any CPU
		{FBEC99D8-3C7D-4031-9880-67F9A2549554}.Release|Any CPU.ActiveCfg = Release|Any CPU
		{FBEC99D8-3C7D-4031-9880-67F9A2549554}.Release|Any CPU.Build.0 = Release|Any CPU
		{964B2073-1D38-4DAA-A7F1-77B7D7F30B4A}.Debug|Any CPU.ActiveCfg = Debug|Any CPU
		{964B2073-1D38-4DAA-A7F1-77B7D7F30B4A}.Debug|Any CPU.Build.0 = Debug|Any CPU
		{964B2073-1D38-4DAA-A7F1-77B7D7F30B4A}.Release|Any CPU.ActiveCfg = Release|Any CPU
		{964B2073-1D38-4DAA-A7F1-77B7D7F30B4A}.Release|Any CPU.Build.0 = Release|Any CPU
		{117D2434-39A2-4D0A-81B7-09F96BB73535}.Debug|Any CPU.ActiveCfg = Debug|Any CPU
		{117D2434-39A2-4D0A-81B7-09F96BB73535}.Debug|Any CPU.Build.0 = Debug|Any CPU
		{117D2434-39A2-4D0A-81B7-09F96BB73535}.Release|Any CPU.ActiveCfg = Release|Any CPU
		{117D2434-39A2-4D0A-81B7-09F96BB73535}.Release|Any CPU.Build.0 = Release|Any CPU
		{7FF04396-5F55-40B5-91C7-D360066B5D79}.Debug|Any CPU.ActiveCfg = Debug|Any CPU
		{7FF04396-5F55-40B5-91C7-D360066B5D79}.Debug|Any CPU.Build.0 = Debug|Any CPU
		{7FF04396-5F55-40B5-91C7-D360066B5D79}.Release|Any CPU.ActiveCfg = Release|Any CPU
		{7FF04396-5F55-40B5-91C7-D360066B5D79}.Release|Any CPU.Build.0 = Release|Any CPU
		{B64A023C-06AD-489C-A750-B749D40788CF}.Debug|Any CPU.ActiveCfg = Debug|Any CPU
		{B64A023C-06AD-489C-A750-B749D40788CF}.Debug|Any CPU.Build.0 = Debug|Any CPU
		{B64A023C-06AD-489C-A750-B749D40788CF}.Release|Any CPU.ActiveCfg = Release|Any CPU
		{B64A023C-06AD-489C-A750-B749D40788CF}.Release|Any CPU.Build.0 = Release|Any CPU
		{28A31B9D-5EFB-4630-9078-35A1B88EDF86}.Debug|Any CPU.ActiveCfg = Debug|Any CPU
		{28A31B9D-5EFB-4630-9078-35A1B88EDF86}.Debug|Any CPU.Build.0 = Debug|Any CPU
		{28A31B9D-5EFB-4630-9078-35A1B88EDF86}.Release|Any CPU.ActiveCfg = Release|Any CPU
		{28A31B9D-5EFB-4630-9078-35A1B88EDF86}.Release|Any CPU.Build.0 = Release|Any CPU
		{C4CE7067-37EB-4D38-96F4-2EF083813129}.Debug|Any CPU.ActiveCfg = Debug|Any CPU
		{C4CE7067-37EB-4D38-96F4-2EF083813129}.Debug|Any CPU.Build.0 = Debug|Any CPU
		{C4CE7067-37EB-4D38-96F4-2EF083813129}.Release|Any CPU.ActiveCfg = Release|Any CPU
		{C4CE7067-37EB-4D38-96F4-2EF083813129}.Release|Any CPU.Build.0 = Release|Any CPU
		{D06FE860-6C72-4F97-AB21-E5B84CEA97BD}.Debug|Any CPU.ActiveCfg = Debug|Any CPU
		{D06FE860-6C72-4F97-AB21-E5B84CEA97BD}.Debug|Any CPU.Build.0 = Debug|Any CPU
		{D06FE860-6C72-4F97-AB21-E5B84CEA97BD}.Release|Any CPU.ActiveCfg = Release|Any CPU
		{D06FE860-6C72-4F97-AB21-E5B84CEA97BD}.Release|Any CPU.Build.0 = Release|Any CPU
		{A78D7471-7C6E-4842-926E-3D4BEB1C0198}.Debug|Any CPU.ActiveCfg = Debug|Any CPU
		{A78D7471-7C6E-4842-926E-3D4BEB1C0198}.Debug|Any CPU.Build.0 = Debug|Any CPU
		{A78D7471-7C6E-4842-926E-3D4BEB1C0198}.Release|Any CPU.ActiveCfg = Release|Any CPU
		{A78D7471-7C6E-4842-926E-3D4BEB1C0198}.Release|Any CPU.Build.0 = Release|Any CPU
		{741AE41B-05F0-46CC-97ED-D26A8B74E5FC}.Debug|Any CPU.ActiveCfg = Debug|Any CPU
		{741AE41B-05F0-46CC-97ED-D26A8B74E5FC}.Debug|Any CPU.Build.0 = Debug|Any CPU
		{741AE41B-05F0-46CC-97ED-D26A8B74E5FC}.Release|Any CPU.ActiveCfg = Release|Any CPU
		{741AE41B-05F0-46CC-97ED-D26A8B74E5FC}.Release|Any CPU.Build.0 = Release|Any CPU
		{B43E416E-00F3-4FFF-8400-A6BD8C6D3A11}.Debug|Any CPU.ActiveCfg = Debug|Any CPU
		{B43E416E-00F3-4FFF-8400-A6BD8C6D3A11}.Debug|Any CPU.Build.0 = Debug|Any CPU
		{B43E416E-00F3-4FFF-8400-A6BD8C6D3A11}.Release|Any CPU.ActiveCfg = Release|Any CPU
		{B43E416E-00F3-4FFF-8400-A6BD8C6D3A11}.Release|Any CPU.Build.0 = Release|Any CPU
		{F965EF84-759B-4E51-8059-5D2E3AC9C081}.Debug|Any CPU.ActiveCfg = Debug|Any CPU
		{F965EF84-759B-4E51-8059-5D2E3AC9C081}.Debug|Any CPU.Build.0 = Debug|Any CPU
		{F965EF84-759B-4E51-8059-5D2E3AC9C081}.Release|Any CPU.ActiveCfg = Release|Any CPU
		{F965EF84-759B-4E51-8059-5D2E3AC9C081}.Release|Any CPU.Build.0 = Release|Any CPU
		{A2A1E911-0967-446E-95BD-819D9E718DFD}.Debug|Any CPU.ActiveCfg = Debug|Any CPU
		{A2A1E911-0967-446E-95BD-819D9E718DFD}.Debug|Any CPU.Build.0 = Debug|Any CPU
		{A2A1E911-0967-446E-95BD-819D9E718DFD}.Release|Any CPU.ActiveCfg = Release|Any CPU
		{A2A1E911-0967-446E-95BD-819D9E718DFD}.Release|Any CPU.Build.0 = Release|Any CPU
	EndGlobalSection
	GlobalSection(SolutionProperties) = preSolution
		HideSolutionNode = FALSE
	EndGlobalSection
	GlobalSection(NestedProjects) = preSolution
		{FBEC99D8-3C7D-4031-9880-67F9A2549554} = {60EDC872-8E28-47E5-82CF-67565D8B5076}
		{964B2073-1D38-4DAA-A7F1-77B7D7F30B4A} = {8DD63ABC-3DE7-4084-9CB7-CAFA0F4AAFD1}
		{117D2434-39A2-4D0A-81B7-09F96BB73535} = {E4980EB8-381A-4351-BCE0-16BB44F32626}
		{7FF04396-5F55-40B5-91C7-D360066B5D79} = {6FAD6401-C25E-46E4-AE3D-BC959A5F24D0}
		{B64A023C-06AD-489C-A750-B749D40788CF} = {60EDC872-8E28-47E5-82CF-67565D8B5076}
		{28A31B9D-5EFB-4630-9078-35A1B88EDF86} = {E4980EB8-381A-4351-BCE0-16BB44F32626}
		{D06FE860-6C72-4F97-AB21-E5B84CEA97BD} = {60EDC872-8E28-47E5-82CF-67565D8B5076}
		{A78D7471-7C6E-4842-926E-3D4BEB1C0198} = {60EDC872-8E28-47E5-82CF-67565D8B5076}
		{741AE41B-05F0-46CC-97ED-D26A8B74E5FC} = {8DD63ABC-3DE7-4084-9CB7-CAFA0F4AAFD1}
		{B43E416E-00F3-4FFF-8400-A6BD8C6D3A11} = {60EDC872-8E28-47E5-82CF-67565D8B5076}
		{F965EF84-759B-4E51-8059-5D2E3AC9C081} = {8DD63ABC-3DE7-4084-9CB7-CAFA0F4AAFD1}
		{A2A1E911-0967-446E-95BD-819D9E718DFD} = {6FAD6401-C25E-46E4-AE3D-BC959A5F24D0}
	EndGlobalSection
	GlobalSection(ExtensibilityGlobals) = postSolution
		SolutionGuid = {0C9D2A04-FB19-4EF4-8760-9D4564C1AB51}
	EndGlobalSection
EndGlobal
